<?xml version="1.0" encoding="utf-8"?>
<Project ToolsVersion="4.0" xmlns="http://schemas.microsoft.com/developer/msbuild/2003">
  <ItemGroup>
    <ClCompile Include="FantomeOrange.cpp">
      <Filter>Jeu\Personnage\Fantome</Filter>
    </ClCompile>
    <ClCompile Include="FantomeRose.cpp">
      <Filter>Jeu\Personnage\Fantome</Filter>
    </ClCompile>
    <ClCompile Include="FantomeRouge.cpp">
      <Filter>Jeu\Personnage\Fantome</Filter>
    </ClCompile>
    <ClCompile Include="fantome.cpp">
      <Filter>Jeu\Personnage\Fantome</Filter>
    </ClCompile>
    <ClCompile Include="SaisieSecurisee.cpp">
      <Filter>divers</Filter>
    </ClCompile>
    <ClCompile Include="windowsAPIwrapper.cpp">
      <Filter>divers</Filter>
    </ClCompile>
    <ClCompile Include="PacMan.cpp">
      <Filter>Jeu\Personnage\Pac Man</Filter>
    </ClCompile>
    <ClCompile Include="Laser.cpp">
      <Filter>Jeu\Personnage\Pac Man</Filter>
    </ClCompile>
    <ClCompile Include="Personnage.cpp">
      <Filter>Jeu\Personnage</Filter>
    </ClCompile>
    <ClCompile Include="Jeu.cpp">
      <Filter>Jeu</Filter>
    </ClCompile>
    <ClCompile Include="Main.cpp">
      <Filter>Jeu</Filter>
    </ClCompile>
    <ClCompile Include="testingMain.cpp">
      <Filter>Jeu</Filter>
    </ClCompile>
    <ClCompile Include="map.cpp">
      <Filter>Jeu\Map</Filter>
    </ClCompile>
    <ClCompile Include="Ligne.cpp">
      <Filter>Jeu\Map</Filter>
    </ClCompile>
    <ClCompile Include="FantomeBleu.cpp">
      <Filter>Jeu\Personnage\Fantome</Filter>
    </ClCompile>
    <ClCompile Include="VecteurDeFantome.cpp" />
  </ItemGroup>
  <ItemGroup>
    <ClInclude Include="FantomeOrange.h">
      <Filter>Jeu\Personnage\Fantome</Filter>
    </ClInclude>
    <ClInclude Include="FantomeRose.h">
      <Filter>Jeu\Personnage\Fantome</Filter>
    </ClInclude>
    <ClInclude Include="FantomeRouge.h">
      <Filter>Jeu\Personnage\Fantome</Filter>
    </ClInclude>
    <ClInclude Include="fantome.h">
      <Filter>Jeu\Personnage\Fantome</Filter>
    </ClInclude>
    <ClInclude Include="algo.h">
      <Filter>divers</Filter>
    </ClInclude>
    <ClInclude Include="autosfml.h">
      <Filter>divers</Filter>
    </ClInclude>
    <ClInclude Include="saisieSecurisee.h">
      <Filter>divers</Filter>
    </ClInclude>
    <ClInclude Include="windowsAPIwrapper.h">
      <Filter>divers</Filter>
    </ClInclude>
    <ClInclude Include="PacMan.h">
      <Filter>Jeu\Personnage\Pac Man</Filter>
    </ClInclude>
    <ClInclude Include="laser.h">
      <Filter>Jeu\Personnage</Filter>
    </ClInclude>
    <ClInclude Include="Personnage.h">
      <Filter>Jeu\Personnage</Filter>
    </ClInclude>
    <ClInclude Include="TimeTraveller.h">
      <Filter>Jeu\Personnage</Filter>
    </ClInclude>
    <ClInclude Include="Jeu.h">
      <Filter>Jeu</Filter>
    </ClInclude>
    <ClInclude Include="map.h">
      <Filter>Jeu\Map</Filter>
    </ClInclude>
    <ClInclude Include="Ligne.h">
      <Filter>Jeu\Map</Filter>
    </ClInclude>
    <ClInclude Include="FantomeBleu.h">
      <Filter>Jeu\Personnage\Fantome</Filter>
    </ClInclude>
    <ClInclude Include="VecteurDeFantome.h" />
  </ItemGroup>
  <ItemGroup>
    <Filter Include="divers">
      <UniqueIdentifier>{a685fce0-dbd1-42a3-a03b-62726be27bc9}</UniqueIdentifier>
    </Filter>
    <Filter Include="Jeu">
      <UniqueIdentifier>{cd616e66-0f7d-4001-a7a1-c4410424ba3c}</UniqueIdentifier>
    </Filter>
    <Filter Include="Jeu\Personnage">
      <UniqueIdentifier>{4c07cefc-7f88-47ad-b1c2-70050cb738de}</UniqueIdentifier>
    </Filter>
    <Filter Include="Jeu\Personnage\Fantome">
      <UniqueIdentifier>{baaf8eca-acb0-494f-ad87-f8b928aca902}</UniqueIdentifier>
    </Filter>
    <Filter Include="Jeu\Personnage\Pac Man">
      <UniqueIdentifier>{94c87bce-040d-42c2-9e95-8b66356ae6ae}</UniqueIdentifier>
    </Filter>
    <Filter Include="Jeu\Map">
      <UniqueIdentifier>{38ee7eff-bcde-4200-94f0-381fa7de5302}</UniqueIdentifier>
    </Filter>
  </ItemGroup>
</Project>