<?xml version="1.0" encoding="utf-8"?>
<Project ToolsVersion="4.0" xmlns="http://schemas.microsoft.com/developer/msbuild/2003">
  <ItemGroup>
    <ClCompile Include="dragonShout.cpp" />
    <ClCompile Include="fantome.cpp" />
    <ClCompile Include="FantomeBleu.cpp" />
    <ClCompile Include="FantomeOrange.cpp" />
    <ClCompile Include="FantomeRose.cpp" />
    <ClCompile Include="FantomeRouge.cpp" />
    <ClCompile Include="Fruits.cpp" />
    <ClCompile Include="Jeu.cpp" />
    <ClCompile Include="Laser.cpp" />
    <ClCompile Include="Ligne.cpp" />
    <ClCompile Include="Main.cpp" />
    <ClCompile Include="map.cpp" />
    <ClCompile Include="PacMan.cpp" />
    <ClCompile Include="Personnage.cpp" />
    <ClCompile Include="SaisieSecurisee.cpp" />
    <ClCompile Include="testingMain.cpp" />
    <ClCompile Include="VecteurDeFantome.cpp" />
    <ClCompile Include="windowsAPIwrapper.cpp" />
  </ItemGroup>
  <ItemGroup>
    <ClInclude Include="algo.h" />
    <ClInclude Include="autosfml.h" />
    <ClInclude Include="dragonShout.h" />
    <ClInclude Include="fantome.h" />
    <ClInclude Include="FantomeBleu.h" />
    <ClInclude Include="FantomeOrange.h" />
    <ClInclude Include="FantomeRose.h" />
    <ClInclude Include="FantomeRouge.h" />
    <ClInclude Include="Fruits.h" />
    <ClInclude Include="Jeu.h" />
    <ClInclude Include="laser.h" />
    <ClInclude Include="Ligne.h" />
    <ClInclude Include="map.h" />
    <ClInclude Include="PacMan.h" />
    <ClInclude Include="Personnage.h" />
    <ClInclude Include="saisieSecurisee.h" />
    <ClInclude Include="TimeTraveller.h" />
    <ClInclude Include="VecteurDeFantome.h" />
    <ClInclude Include="windowsAPIwrapper.h" />
  </ItemGroup>
</Project>